
Microsoft Visual Studio Solution File, Format Version 12.00
# Visual Studio Version 16
VisualStudioVersion = 16.0.29905.134
MinimumVisualStudioVersion = 10.0.40219.1
Project("{9A19103F-16F7-4668-BE54-9A1E7A4F7556}") = "CBS.Siren", "CBS.Siren\CBS.Siren.csproj", "{5B723D2C-DB1A-4345-8556-55801DA0516E}"
EndProject
Project("{9A19103F-16F7-4668-BE54-9A1E7A4F7556}") = "CBS.Siren.Test", "CBS.Siren.Test\CBS.Siren.Test.csproj", "{98841694-D5D4-430A-9B88-1054F740AF99}"
EndProject
Global
	GlobalSection(SolutionConfigurationPlatforms) = preSolution
		Debug|Any CPU = Debug|Any CPU
		Release|Any CPU = Release|Any CPU
	EndGlobalSection
	GlobalSection(ProjectConfigurationPlatforms) = postSolution
		{5B723D2C-DB1A-4345-8556-55801DA0516E}.Debug|Any CPU.ActiveCfg = Debug|Any CPU
		{5B723D2C-DB1A-4345-8556-55801DA0516E}.Debug|Any CPU.Build.0 = Debug|Any CPU
		{5B723D2C-DB1A-4345-8556-55801DA0516E}.Release|Any CPU.ActiveCfg = Release|Any CPU
		{5B723D2C-DB1A-4345-8556-55801DA0516E}.Release|Any CPU.Build.0 = Release|Any CPU
		{98841694-D5D4-430A-9B88-1054F740AF99}.Debug|Any CPU.ActiveCfg = Debug|Any CPU
		{98841694-D5D4-430A-9B88-1054F740AF99}.Debug|Any CPU.Build.0 = Debug|Any CPU
		{98841694-D5D4-430A-9B88-1054F740AF99}.Release|Any CPU.ActiveCfg = Release|Any CPU
		{98841694-D5D4-430A-9B88-1054F740AF99}.Release|Any CPU.Build.0 = Release|Any CPU
	EndGlobalSection
	GlobalSection(SolutionProperties) = preSolution
		HideSolutionNode = FALSE
	EndGlobalSection
	GlobalSection(ExtensibilityGlobals) = postSolution
		SolutionGuid = {9D050D15-B4C0-488A-B681-BBEA42D2EB11}
	EndGlobalSection
EndGlobal
